dependencies:
- name: nginx-ingress
  repository: https://kubernetes-charts.storage.googleapis.com
  version: 0.19.2
- name: cert-manager
  repository: https://kubernetes-charts.storage.googleapis.com
  version: 0.2.10
digest: sha256:a9b7c3472f4dd8374eaeefdd778491bf8ed26c1c3d92b80efb0757cc0b33334a
generated: 2018-05-20T19:53:30.494566259-05:00
